{
  "requires": true,
  "lockfileVersion": 1,
  "dependencies": {
    "@material/animation": {
      "version": "https://registry.npmjs.org/@material/animation/-/animation-0.2.3.tgz",
      "integrity": "sha1-JfJJYs1knnZFmharI0t4Rqen9Bk="
    },
    "@material/auto-init": {
      "version": "https://registry.npmjs.org/@material/auto-init/-/auto-init-0.1.2.tgz",
      "integrity": "sha1-ptX4jv/wjAh+U/VcLN+7Is5vSQE="
    },
    "@material/base": {
      "version": "https://registry.npmjs.org/@material/base/-/base-0.2.0.tgz",
      "integrity": "sha1-aF4sNEqgN+Qr55eOHzZf8YO586E="
    },
    "@material/button": {
      "version": "https://registry.npmjs.org/@material/button/-/button-0.3.7.tgz",
      "integrity": "sha1-ORJ5EyL39xKaWiI5wwmOixCkzrg=",
      "requires": {
        "@material/animation": "https://registry.npmjs.org/@material/animation/-/animation-0.2.3.tgz",
        "@material/elevation": "https://registry.npmjs.org/@material/elevation/-/elevation-0.1.8.tgz",
        "@material/ripple": "https://registry.npmjs.org/@material/ripple/-/ripple-0.6.2.tgz",
        "@material/theme": "https://registry.npmjs.org/@material/theme/-/theme-0.1.5.tgz",
        "@material/typography": "https://registry.npmjs.org/@material/typography/-/typography-0.2.2.tgz"
      }
    },
    "@material/card": {
      "version": "https://registry.npmjs.org/@material/card/-/card-0.2.3.tgz",
      "integrity": "sha1-FVJK6v4i1ZEdiDb40wE97YKHUfA=",
      "requires": {
        "@material/elevation": "https://registry.npmjs.org/@material/elevation/-/elevation-0.1.8.tgz",
        "@material/rtl": "https://registry.npmjs.org/@material/rtl/-/rtl-0.1.5.tgz",
        "@material/theme": "https://registry.npmjs.org/@material/theme/-/theme-0.1.5.tgz",
        "@material/typography": "https://registry.npmjs.org/@material/typography/-/typography-0.2.2.tgz"
      }
    },
    "@material/checkbox": {
      "version": "https://registry.npmjs.org/@material/checkbox/-/checkbox-0.3.6.tgz",
      "integrity": "sha1-Tzi49KH0RLx7hrf1q/s+ywoj5Ew=",
      "requires": {
        "@material/animation": "https://registry.npmjs.org/@material/animation/-/animation-0.2.3.tgz",
        "@material/base": "https://registry.npmjs.org/@material/base/-/base-0.2.0.tgz",
        "@material/ripple": "https://registry.npmjs.org/@material/ripple/-/ripple-0.6.2.tgz",
        "@material/rtl": "https://registry.npmjs.org/@material/rtl/-/rtl-0.1.5.tgz",
        "@material/theme": "https://registry.npmjs.org/@material/theme/-/theme-0.1.5.tgz"
      }
    },
    "@material/dialog": {
      "version": "https://registry.npmjs.org/@material/dialog/-/dialog-0.3.1.tgz",
      "integrity": "sha1-3YFzb7qG9h73PJ3TusaYLE0/Hk8=",
      "requires": {
        "@material/animation": "https://registry.npmjs.org/@material/animation/-/animation-0.2.3.tgz",
        "@material/base": "https://registry.npmjs.org/@material/base/-/base-0.2.0.tgz",
        "@material/elevation": "https://registry.npmjs.org/@material/elevation/-/elevation-0.1.8.tgz",
        "@material/ripple": "https://registry.npmjs.org/@material/ripple/-/ripple-0.6.2.tgz",
        "@material/rtl": "https://registry.npmjs.org/@material/rtl/-/rtl-0.1.5.tgz",
        "@material/theme": "https://registry.npmjs.org/@material/theme/-/theme-0.1.5.tgz",
        "@material/typography": "https://registry.npmjs.org/@material/typography/-/typography-0.1.1.tgz",
        "focus-trap": "https://registry.npmjs.org/focus-trap/-/focus-trap-2.3.0.tgz"
      },
      "dependencies": {
        "@material/typography": {
          "version": "https://registry.npmjs.org/@material/typography/-/typography-0.1.1.tgz",
          "integrity": "sha1-+y40N70yhNOen7kUhXZ63msr0ME="
        }
      }
    },
    "@material/drawer": {
      "version": "https://registry.npmjs.org/@material/drawer/-/drawer-0.5.0.tgz",
      "integrity": "sha1-GuptFenSvJp83al8zO3hoO+fvtg=",
      "requires": {
        "@material/animation": "https://registry.npmjs.org/@material/animation/-/animation-0.2.3.tgz",
        "@material/base": "https://registry.npmjs.org/@material/base/-/base-0.2.0.tgz",
        "@material/elevation": "https://registry.npmjs.org/@material/elevation/-/elevation-0.1.8.tgz",
        "@material/rtl": "https://registry.npmjs.org/@material/rtl/-/rtl-0.1.5.tgz",
        "@material/theme": "https://registry.npmjs.org/@material/theme/-/theme-0.1.5.tgz",
        "@material/typography": "https://registry.npmjs.org/@material/typography/-/typography-0.2.2.tgz"
      }
    },
    "@material/elevation": {
      "version": "https://registry.npmjs.org/@material/elevation/-/elevation-0.1.8.tgz",
      "integrity": "sha1-V6HzVBozDQNWM9t/XbgsRi0MytA=",
      "requires": {
        "@material/animation": "https://registry.npmjs.org/@material/animation/-/animation-0.2.3.tgz"
      }
    },
    "@material/fab": {
      "version": "https://registry.npmjs.org/@material/fab/-/fab-0.3.9.tgz",
      "integrity": "sha1-SBfHaO1VZU9fztxHeysoXOj6zQI=",
      "requires": {
        "@material/animation": "https://registry.npmjs.org/@material/animation/-/animation-0.2.3.tgz",
        "@material/elevation": "https://registry.npmjs.org/@material/elevation/-/elevation-0.1.8.tgz",
        "@material/ripple": "https://registry.npmjs.org/@material/ripple/-/ripple-0.6.2.tgz",
        "@material/theme": "https://registry.npmjs.org/@material/theme/-/theme-0.1.5.tgz"
      }
    },
    "@material/form-field": {
      "version": "https://registry.npmjs.org/@material/form-field/-/form-field-0.2.7.tgz",
      "integrity": "sha1-A099jkIXJApSwoae3KzyQwZVGJE=",
      "requires": {
        "@material/base": "https://registry.npmjs.org/@material/base/-/base-0.2.0.tgz",
        "@material/rtl": "https://registry.npmjs.org/@material/rtl/-/rtl-0.1.5.tgz",
        "@material/theme": "https://registry.npmjs.org/@material/theme/-/theme-0.1.5.tgz",
        "@material/typography": "https://registry.npmjs.org/@material/typography/-/typography-0.2.2.tgz"
      }
    },
    "@material/grid-list": {
      "version": "https://registry.npmjs.org/@material/grid-list/-/grid-list-0.2.4.tgz",
      "integrity": "sha1-yLtRl4h3PQ0UvvRjwmsQOj5G808=",
      "requires": {
        "@material/base": "https://registry.npmjs.org/@material/base/-/base-0.2.0.tgz",
        "@material/rtl": "https://registry.npmjs.org/@material/rtl/-/rtl-0.1.5.tgz",
        "@material/theme": "https://registry.npmjs.org/@material/theme/-/theme-0.1.5.tgz",
        "@material/typography": "https://registry.npmjs.org/@material/typography/-/typography-0.2.2.tgz"
      }
    },
    "@material/icon-toggle": {
      "version": "https://registry.npmjs.org/@material/icon-toggle/-/icon-toggle-0.1.12.tgz",
      "integrity": "sha1-5wds0PcHH7zSBg/j1Od07LugHZw=",
      "requires": {
        "@material/animation": "https://registry.npmjs.org/@material/animation/-/animation-0.2.3.tgz",
        "@material/base": "https://registry.npmjs.org/@material/base/-/base-0.2.0.tgz",
        "@material/ripple": "https://registry.npmjs.org/@material/ripple/-/ripple-0.6.2.tgz",
        "@material/theme": "https://registry.npmjs.org/@material/theme/-/theme-0.1.5.tgz"
      }
    },
    "@material/layout-grid": {
      "version": "https://registry.npmjs.org/@material/layout-grid/-/layout-grid-0.2.0.tgz",
      "integrity": "sha1-XoRzV0chlkkJmzvO1HiNNIeBL/k="
    },
    "@material/linear-progress": {
      "version": "https://registry.npmjs.org/@material/linear-progress/-/linear-progress-0.1.2.tgz",
      "integrity": "sha1-bMsO6c0jBbckX069GJ5YoxHOYws=",
      "requires": {
        "@material/animation": "https://registry.npmjs.org/@material/animation/-/animation-0.2.3.tgz",
        "@material/base": "https://registry.npmjs.org/@material/base/-/base-0.2.0.tgz",
        "@material/theme": "https://registry.npmjs.org/@material/theme/-/theme-0.1.5.tgz"
      }
    },
    "@material/list": {
      "version": "https://registry.npmjs.org/@material/list/-/list-0.2.10.tgz",
      "integrity": "sha1-uifPmxSzIahCiBikT3NvKEU3AN4=",
      "requires": {
        "@material/ripple": "https://registry.npmjs.org/@material/ripple/-/ripple-0.6.2.tgz",
        "@material/rtl": "https://registry.npmjs.org/@material/rtl/-/rtl-0.1.5.tgz",
        "@material/theme": "https://registry.npmjs.org/@material/theme/-/theme-0.1.5.tgz",
        "@material/typography": "https://registry.npmjs.org/@material/typography/-/typography-0.2.2.tgz"
      }
    },
    "@material/menu": {
      "version": "https://registry.npmjs.org/@material/menu/-/menu-0.3.0.tgz",
      "integrity": "sha1-SfMsOEmH4C5Mmg0ZEF4nYTv0My8=",
      "requires": {
        "@material/animation": "https://registry.npmjs.org/@material/animation/-/animation-0.2.3.tgz",
        "@material/base": "https://registry.npmjs.org/@material/base/-/base-0.2.0.tgz",
        "@material/elevation": "https://registry.npmjs.org/@material/elevation/-/elevation-0.1.8.tgz",
        "@material/theme": "https://registry.npmjs.org/@material/theme/-/theme-0.1.5.tgz",
        "@material/typography": "https://registry.npmjs.org/@material/typography/-/typography-0.2.2.tgz"
      }
    },
    "@material/radio": {
      "version": "https://registry.npmjs.org/@material/radio/-/radio-0.2.5.tgz",
      "integrity": "sha1-/J/kfyIuUZzmkWyP4Zx9Yuqdy+o=",
      "requires": {
        "@material/animation": "https://registry.npmjs.org/@material/animation/-/animation-0.2.3.tgz",
        "@material/base": "https://registry.npmjs.org/@material/base/-/base-0.2.0.tgz",
        "@material/ripple": "https://registry.npmjs.org/@material/ripple/-/ripple-0.6.2.tgz",
        "@material/theme": "https://registry.npmjs.org/@material/theme/-/theme-0.1.5.tgz"
      }
    },
    "@material/ripple": {
      "version": "https://registry.npmjs.org/@material/ripple/-/ripple-0.6.2.tgz",
      "integrity": "sha1-qFVtt8FB019VgsWZC+hpC++d7lk=",
      "requires": {
        "@material/base": "https://registry.npmjs.org/@material/base/-/base-0.2.0.tgz",
        "@material/theme": "https://registry.npmjs.org/@material/theme/-/theme-0.1.5.tgz"
      }
    },
    "@material/rtl": {
      "version": "https://registry.npmjs.org/@material/rtl/-/rtl-0.1.5.tgz",
      "integrity": "sha1-BiuI6sQukl1bBS4EklEhUF5i/0Q="
    },
    "@material/select": {
      "version": "https://registry.npmjs.org/@material/select/-/select-0.3.8.tgz",
      "integrity": "sha1-BgevAnA8o2k/ahAjioya6kjLTLQ=",
      "requires": {
        "@material/animation": "https://registry.npmjs.org/@material/animation/-/animation-0.2.3.tgz",
        "@material/base": "https://registry.npmjs.org/@material/base/-/base-0.2.0.tgz",
        "@material/list": "https://registry.npmjs.org/@material/list/-/list-0.2.10.tgz",
        "@material/menu": "https://registry.npmjs.org/@material/menu/-/menu-0.3.0.tgz",
        "@material/rtl": "https://registry.npmjs.org/@material/rtl/-/rtl-0.1.5.tgz",
        "@material/theme": "https://registry.npmjs.org/@material/theme/-/theme-0.1.5.tgz",
        "@material/typography": "https://registry.npmjs.org/@material/typography/-/typography-0.2.2.tgz"
      }
    },
    "@material/selection-control": {
      "version": "0.24.0",
      "resolved": "https://registry.npmjs.org/@material/selection-control/-/selection-control-0.24.0.tgz",
      "integrity": "sha512-u+o3i329IPuG3viRgWBUbc8IVOMseGYBAO1hniadCjpDq/PpM/ZDQeuLfuUPpaAffSuZ4EaHzbTQhEKQM90Cyw==",
      "requires": {
        "@material/ripple": "0.24.0"
      },
      "dependencies": {
        "@material/base": {
          "version": "0.24.0",
          "resolved": "https://registry.npmjs.org/@material/base/-/base-0.24.0.tgz",
          "integrity": "sha512-RG1SbHl6M8a0fdrMAoMm7Fc8jkuj3HhZd0f8Dy5kfUtQk3I7PyzD+MLCrmCHgUAlKbcK2J9VxJWpd4isZr3x9w=="
        },
        "@material/ripple": {
          "version": "0.24.0",
          "resolved": "https://registry.npmjs.org/@material/ripple/-/ripple-0.24.0.tgz",
          "integrity": "sha512-4oMpIj8o9F5trHs7KTfcl6gIJPYjTOe1Uo+382Jd6SXS/tZFQ77Ulvv90p5c3dPpsNQzxjAjEVEHIsWffhqPAA==",
          "requires": {
            "@material/base": "0.24.0",
            "@material/theme": "0.24.0"
          }
        },
        "@material/theme": {
          "version": "0.24.0",
          "resolved": "https://registry.npmjs.org/@material/theme/-/theme-0.24.0.tgz",
          "integrity": "sha512-a5ZJrW1aQHMQeZVhO9KIyPkVOZe76khfsTcRwf5Aws8ZGAFdtQ2fZXdeREkWDti1ftFyVak1Da1Y3ka0HCwSFQ=="
        }
      }
    },
    "@material/slider": {
      "version": "https://registry.npmjs.org/@material/slider/-/slider-0.1.0.tgz",
      "integrity": "sha1-3R30AsogcsWo8zarBQRT6EDisho=",
      "requires": {
        "@material/animation": "https://registry.npmjs.org/@material/animation/-/animation-0.2.3.tgz",
        "@material/base": "https://registry.npmjs.org/@material/base/-/base-0.2.0.tgz",
        "@material/rtl": "https://registry.npmjs.org/@material/rtl/-/rtl-0.1.5.tgz",
        "@material/theme": "https://registry.npmjs.org/@material/theme/-/theme-0.1.5.tgz"
      }
    },
    "@material/snackbar": {
      "version": "https://registry.npmjs.org/@material/snackbar/-/snackbar-0.2.1.tgz",
      "integrity": "sha1-yv5sMJA2ThmriRHBQFIFrrFSjmI=",
      "requires": {
        "@material/animation": "https://registry.npmjs.org/@material/animation/-/animation-0.2.3.tgz",
        "@material/base": "https://registry.npmjs.org/@material/base/-/base-0.2.0.tgz",
        "@material/button": "https://registry.npmjs.org/@material/button/-/button-0.3.7.tgz",
        "@material/rtl": "https://registry.npmjs.org/@material/rtl/-/rtl-0.1.5.tgz",
        "@material/theme": "https://registry.npmjs.org/@material/theme/-/theme-0.1.5.tgz",
        "@material/typography": "https://registry.npmjs.org/@material/typography/-/typography-0.2.2.tgz"
      }
    },
    "@material/switch": {
      "version": "https://registry.npmjs.org/@material/switch/-/switch-0.1.8.tgz",
      "integrity": "sha1-42wBpqWZWfKsQ+NhvBv2Wi77RFw=",
      "requires": {
        "@material/animation": "https://registry.npmjs.org/@material/animation/-/animation-0.2.3.tgz",
        "@material/elevation": "https://registry.npmjs.org/@material/elevation/-/elevation-0.1.8.tgz",
        "@material/theme": "https://registry.npmjs.org/@material/theme/-/theme-0.1.5.tgz"
      }
    },
    "@material/tabs": {
      "version": "https://registry.npmjs.org/@material/tabs/-/tabs-0.2.1.tgz",
      "integrity": "sha1-sR4UjwAwFzL5DfmEXoOfrhvqLFk=",
      "requires": {
        "@material/animation": "https://registry.npmjs.org/@material/animation/-/animation-0.2.3.tgz",
        "@material/base": "https://registry.npmjs.org/@material/base/-/base-0.2.0.tgz",
        "@material/ripple": "https://registry.npmjs.org/@material/ripple/-/ripple-0.6.2.tgz",
        "@material/rtl": "https://registry.npmjs.org/@material/rtl/-/rtl-0.1.5.tgz",
        "@material/theme": "https://registry.npmjs.org/@material/theme/-/theme-0.1.5.tgz",
        "@material/typography": "https://registry.npmjs.org/@material/typography/-/typography-0.2.2.tgz"
      }
    },
    "@material/textfield": {
      "version": "https://registry.npmjs.org/@material/textfield/-/textfield-0.2.11.tgz",
      "integrity": "sha1-Ic8SEV27Obrp9hjeErTJDNq3/1Q=",
      "requires": {
        "@material/animation": "https://registry.npmjs.org/@material/animation/-/animation-0.2.3.tgz",
        "@material/base": "https://registry.npmjs.org/@material/base/-/base-0.2.0.tgz",
        "@material/rtl": "https://registry.npmjs.org/@material/rtl/-/rtl-0.1.5.tgz",
        "@material/theme": "https://registry.npmjs.org/@material/theme/-/theme-0.1.5.tgz",
        "@material/typography": "https://registry.npmjs.org/@material/typography/-/typography-0.2.2.tgz"
      }
    },
    "@material/theme": {
      "version": "https://registry.npmjs.org/@material/theme/-/theme-0.1.5.tgz",
      "integrity": "sha1-XHvZoZdNjBwOrPA34CNarZxctpk="
    },
    "@material/toolbar": {
      "version": "https://registry.npmjs.org/@material/toolbar/-/toolbar-0.4.0.tgz",
      "integrity": "sha1-tuN2Sy2Brey3THCO03i+M8X57SM=",
      "requires": {
        "@material/base": "https://registry.npmjs.org/@material/base/-/base-0.2.0.tgz",
        "@material/elevation": "https://registry.npmjs.org/@material/elevation/-/elevation-0.1.8.tgz",
        "@material/rtl": "https://registry.npmjs.org/@material/rtl/-/rtl-0.1.5.tgz",
        "@material/theme": "https://registry.npmjs.org/@material/theme/-/theme-0.1.5.tgz",
        "@material/typography": "https://registry.npmjs.org/@material/typography/-/typography-0.2.2.tgz"
      }
    },
    "@material/typography": {
      "version": "https://registry.npmjs.org/@material/typography/-/typography-0.2.2.tgz",
      "integrity": "sha1-3F8HY619blrVyGw5SzYPK0zzC7I="
    },
    "focus-trap": {
      "version": "https://registry.npmjs.org/focus-trap/-/focus-trap-2.3.0.tgz",
      "integrity": "sha1-B8kZZIZ9NGMV9PX434i/lkVTFuI=",
      "requires": {
        "tabbable": "https://registry.npmjs.org/tabbable/-/tabbable-1.0.6.tgz"
      }
    },
    "material-components-web": {
      "version": "0.24.0",
      "resolved": "https://registry.npmjs.org/material-components-web/-/material-components-web-0.24.0.tgz",
      "integrity": "sha512-/uMygXluJNADVQJFHYsRCw+AzjYZVsN1ShRufp2QHm64fR7uqVOSXppWATg7T2rqMpaNsX0kQDnnPQwwtV3WZw==",
      "requires": {
        "@material/animation": "0.4.1",
        "@material/auto-init": "0.24.0",
        "@material/base": "0.24.0",
        "@material/button": "0.24.0",
        "@material/card": "0.24.0",
        "@material/checkbox": "0.24.0",
        "@material/dialog": "0.24.0",
        "@material/drawer": "0.24.0",
        "@material/elevation": "0.1.13",
        "@material/fab": "0.24.0",
        "@material/form-field": "0.24.0",
        "@material/grid-list": "0.24.0",
        "@material/icon-toggle": "0.24.0",
        "@material/layout-grid": "0.24.0",
        "@material/linear-progress": "0.24.0",
        "@material/list": "0.24.0",
        "@material/menu": "0.24.0",
        "@material/radio": "0.24.0",
        "@material/ripple": "0.24.0",
        "@material/rtl": "0.1.8",
        "@material/select": "0.24.0",
        "@material/selection-control": "0.24.0",
        "@material/slider": "0.24.0",
        "@material/snackbar": "0.24.0",
        "@material/switch": "0.24.0",
        "@material/tabs": "0.24.0",
        "@material/textfield": "0.24.0",
        "@material/theme": "0.24.0",
        "@material/toolbar": "0.24.0",
        "@material/typography": "0.3.0"
      },
      "dependencies": {
        "@material/animation": {
          "version": "0.4.1",
          "resolved": "https://registry.npmjs.org/@material/animation/-/animation-0.4.1.tgz",
          "integrity": "sha1-v4tQrtrUz/zopbQo/cqPGruvF24="
        },
        "@material/auto-init": {
          "version": "0.24.0",
          "resolved": "https://registry.npmjs.org/@material/auto-init/-/auto-init-0.24.0.tgz",
          "integrity": "sha512-RPT9zZYUfxv/hnnZpSs4OSPVSLc8ZEN2wJfGe0ZMky8ZlOQeJCYzJMKt8l41YAQGeU1GIyEbN4jbgeZMNccnRA=="
        },
        "@material/base": {
          "version": "0.24.0",
          "resolved": "https://registry.npmjs.org/@material/base/-/base-0.24.0.tgz",
          "integrity": "sha512-RG1SbHl6M8a0fdrMAoMm7Fc8jkuj3HhZd0f8Dy5kfUtQk3I7PyzD+MLCrmCHgUAlKbcK2J9VxJWpd4isZr3x9w=="
        },
        "@material/button": {
          "version": "0.24.0",
          "resolved": "https://registry.npmjs.org/@material/button/-/button-0.24.0.tgz",
          "integrity": "sha512-j3NfMNlJQS5z2G15GRWqYZVT39Sp5YcKXWHxTdkcJZdP93renGfsheE/mhQDlqkc1tiLjqb0aees5M6VredhDQ==",
          "requires": {
            "@material/elevation": "0.1.13",
            "@material/ripple": "0.24.0",
            "@material/theme": "0.24.0",
            "@material/typography": "0.3.0"
          }
        },
        "@material/card": {
          "version": "0.24.0",
          "resolved": "https://registry.npmjs.org/@material/card/-/card-0.24.0.tgz",
          "integrity": "sha512-IPJhHrHoErst05GObIA4aEOQS4DequiVmOuIVj7/U75VZqmj0REDRSPJedeTW73/yX/tIgtULGnIbH1G99PDew==",
          "requires": {
            "@material/elevation": "0.1.13",
            "@material/rtl": "0.1.8",
            "@material/theme": "0.24.0",
            "@material/typography": "0.3.0"
          }
        },
        "@material/checkbox": {
          "version": "0.24.0",
          "resolved": "https://registry.npmjs.org/@material/checkbox/-/checkbox-0.24.0.tgz",
          "integrity": "sha512-tY/zBO9VGbwZ/qehOX2c+t20skw5zdhX6S1JtBeSl1hH7q/hWykm7hk9jRpySzc86smJh/5mi9URckdyY5Yj2A==",
          "requires": {
            "@material/animation": "0.4.1",
            "@material/base": "0.24.0",
            "@material/ripple": "0.24.0",
            "@material/rtl": "0.1.8",
            "@material/selection-control": "0.24.0",
            "@material/theme": "0.24.0"
          }
        },
        "@material/dialog": {
          "version": "0.24.0",
          "resolved": "https://registry.npmjs.org/@material/dialog/-/dialog-0.24.0.tgz",
          "integrity": "sha512-3km5cmF/b3HoxazUFfeqLMRqoDVX9gQ+l5cTzMD89XgEtzChxzPcbgBo8pgIVlysDNrp+mAGwSDvBP0BkNNqPg==",
          "requires": {
            "@material/animation": "0.4.1",
            "@material/base": "0.24.0",
            "@material/elevation": "0.1.13",
            "@material/ripple": "0.24.0",
            "@material/rtl": "0.1.8",
            "@material/theme": "0.24.0",
            "@material/typography": "0.1.1",
            "focus-trap": "https://registry.npmjs.org/focus-trap/-/focus-trap-2.3.0.tgz"
          },
          "dependencies": {
            "@material/typography": {
              "version": "0.1.1",
              "resolved": "https://registry.npmjs.org/@material/typography/-/typography-0.1.1.tgz",
              "integrity": "sha1-+y40N70yhNOen7kUhXZ63msr0ME="
            }
          }
        },
        "@material/drawer": {
          "version": "0.24.0",
          "resolved": "https://registry.npmjs.org/@material/drawer/-/drawer-0.24.0.tgz",
          "integrity": "sha512-ZqLO7iO7DSVkfmmnoH25qRquUNzJT6tKxmlrWDuDRm43kIouuBg9JsQH9GhinG3yy+pPfeMGtNoj8+cJHiU0+w==",
          "requires": {
            "@material/animation": "0.4.1",
            "@material/base": "0.24.0",
            "@material/elevation": "0.1.13",
            "@material/rtl": "0.1.8",
            "@material/theme": "0.24.0",
            "@material/typography": "0.3.0"
          }
        },
        "@material/elevation": {
          "version": "0.1.13",
          "resolved": "https://registry.npmjs.org/@material/elevation/-/elevation-0.1.13.tgz",
          "integrity": "sha1-o4iF88r0OYymp0aMMIiH1wvUYFs=",
          "requires": {
            "@material/animation": "0.4.1"
          }
        },
        "@material/fab": {
          "version": "0.24.0",
          "resolved": "https://registry.npmjs.org/@material/fab/-/fab-0.24.0.tgz",
          "integrity": "sha512-d/mEYyI0q9EVLG0v/jAB+Mj2qCQju0iNyA2Bw5XdcEbuEHZWPQUByd5+/L2Ofq8pPQ/xkdHqTNNL1AtpDikvNw==",
          "requires": {
            "@material/animation": "0.4.1",
            "@material/elevation": "0.1.13",
            "@material/ripple": "0.24.0",
            "@material/theme": "0.24.0"
          }
        },
        "@material/form-field": {
          "version": "0.24.0",
          "resolved": "https://registry.npmjs.org/@material/form-field/-/form-field-0.24.0.tgz",
          "integrity": "sha512-xEOCOXnQMV9xSL+Ho6Fk+gGbkONV6QfWN6btJytqS9S0Zm6YkNCcC4L7Tu8xzfTDxpSbQn6jaKshfZ0ojfzB5g==",
          "requires": {
            "@material/base": "0.24.0",
            "@material/rtl": "0.1.8",
            "@material/selection-control": "0.24.0",
            "@material/theme": "0.24.0",
            "@material/typography": "0.3.0"
          }
        },
        "@material/grid-list": {
          "version": "0.24.0",
          "resolved": "https://registry.npmjs.org/@material/grid-list/-/grid-list-0.24.0.tgz",
          "integrity": "sha512-uaiVS7Z0pT0M/VzSUNi4kzTSsZu5ssbQX059G/feLdL8z1mL/c/Ph80fWTjyPV/1KUJFMQ7yAd5pMjR8aceIcg==",
          "requires": {
            "@material/base": "0.24.0",
            "@material/rtl": "0.1.8",
            "@material/theme": "0.24.0",
            "@material/typography": "0.3.0"
          }
        },
        "@material/icon-toggle": {
          "version": "0.24.0",
          "resolved": "https://registry.npmjs.org/@material/icon-toggle/-/icon-toggle-0.24.0.tgz",
          "integrity": "sha512-vf7aoRtP4lQLblk4Yc+cWRJ8Wie1QvnXdSRnP5Gos7hvcHbXyvhwlfe34MWUgsv0I1ofgx6hNWyMGIi7qxM3KQ==",
          "requires": {
            "@material/animation": "0.4.1",
            "@material/base": "0.24.0",
            "@material/ripple": "0.24.0",
            "@material/theme": "0.24.0"
          }
        },
        "@material/layout-grid": {
          "version": "0.24.0",
          "resolved": "https://registry.npmjs.org/@material/layout-grid/-/layout-grid-0.24.0.tgz",
          "integrity": "sha512-38Si5CQgRkQwTSVb+lfCZkH8QEe1/HWfj2yNmK5OIFRMBFbSjQRsvf3p+aU1R7fM4TDjNKcgUWqRtBnKuUjNCQ=="
        },
        "@material/linear-progress": {
          "version": "0.24.0",
          "resolved": "https://registry.npmjs.org/@material/linear-progress/-/linear-progress-0.24.0.tgz",
          "integrity": "sha512-O6/S17gNdE/p23IK3j/yp70BbPvdK2aphoMuo1fYSdweQk4mJ5sk6BSbG6/DKjR5nnu58IiD8Ehe/hCZih8jvg==",
          "requires": {
            "@material/animation": "0.4.1",
            "@material/base": "0.24.0",
            "@material/theme": "0.24.0"
          }
        },
        "@material/list": {
          "version": "0.24.0",
          "resolved": "https://registry.npmjs.org/@material/list/-/list-0.24.0.tgz",
          "integrity": "sha512-VYV7FLPzhlNtTs1wMq8L2KywQT2ULHHKFyX4oku2IZ6PavpK0egXcJ5W1NQQ1WVQXi8RHCacdXi4KSPcPhY/UA==",
          "requires": {
            "@material/ripple": "0.24.0",
            "@material/rtl": "0.1.8",
            "@material/theme": "0.24.0",
            "@material/typography": "0.3.0"
          }
        },
        "@material/menu": {
          "version": "0.24.0",
          "resolved": "https://registry.npmjs.org/@material/menu/-/menu-0.24.0.tgz",
          "integrity": "sha512-PcYUqBcdvXWEfZtCTqTDHNdBiJO2ZwmSe158i7rV9HGK2D2fxHCm2ssrz7HBxsHFIzoPxYMWUyDG0fn+V5jW3A==",
          "requires": {
            "@material/animation": "0.4.1",
            "@material/base": "0.24.0",
            "@material/elevation": "0.1.13",
            "@material/theme": "0.24.0",
            "@material/typography": "0.3.0"
          }
        },
        "@material/radio": {
          "version": "0.24.0",
          "resolved": "https://registry.npmjs.org/@material/radio/-/radio-0.24.0.tgz",
          "integrity": "sha512-ce7g1bIH61Q4q5APQc9rg8qynekEYWmkbenCgjo3IKwtTvIcNNIolkiMPP6uH7BfKjMHxa8BGg9U1ojH/48Ydg==",
          "requires": {
            "@material/animation": "0.4.1",
            "@material/base": "0.24.0",
            "@material/ripple": "0.24.0",
            "@material/selection-control": "0.24.0",
            "@material/theme": "0.24.0"
          }
        },
        "@material/ripple": {
          "version": "0.24.0",
          "resolved": "https://registry.npmjs.org/@material/ripple/-/ripple-0.24.0.tgz",
          "integrity": "sha512-4oMpIj8o9F5trHs7KTfcl6gIJPYjTOe1Uo+382Jd6SXS/tZFQ77Ulvv90p5c3dPpsNQzxjAjEVEHIsWffhqPAA==",
          "requires": {
            "@material/base": "0.24.0",
            "@material/theme": "0.24.0"
          }
        },
        "@material/rtl": {
          "version": "0.1.8",
          "resolved": "https://registry.npmjs.org/@material/rtl/-/rtl-0.1.8.tgz",
          "integrity": "sha512-NzBobwxvhJg+dch99pVO+Z9HL1DM+esuIy5WYXgM7trfOVh8n9DkVo5vD/NKnDy6F5wCaRnJOI5T19Tev6c9Zw=="
        },
        "@material/select": {
          "version": "0.24.0",
          "resolved": "https://registry.npmjs.org/@material/select/-/select-0.24.0.tgz",
          "integrity": "sha512-s9VqcxFenBGHc6HsK5acPmj+E+QKjjWKpV4NDtACL22GPJrKc4M1X2URObf/LsKS/80QlM0exmnFbB+aq4XgeA==",
          "requires": {
            "@material/animation": "0.4.1",
            "@material/base": "0.24.0",
            "@material/list": "0.24.0",
            "@material/menu": "0.24.0",
            "@material/rtl": "0.1.8",
            "@material/theme": "0.24.0",
            "@material/typography": "0.3.0"
          }
        },
        "@material/slider": {
          "version": "0.24.0",
          "resolved": "https://registry.npmjs.org/@material/slider/-/slider-0.24.0.tgz",
          "integrity": "sha512-8j9Vmcq7NaBtSsRL7fPsDWWr1xJpWalLeaAyaSbIZqGUiIRddxGpEzHqVviOkZPQ/4SpsinJj8FfgXE7MkjpIA==",
          "requires": {
            "@material/animation": "0.4.1",
            "@material/base": "0.24.0",
            "@material/rtl": "0.1.8",
            "@material/theme": "0.24.0"
          }
        },
        "@material/snackbar": {
          "version": "0.24.0",
          "resolved": "https://registry.npmjs.org/@material/snackbar/-/snackbar-0.24.0.tgz",
          "integrity": "sha512-RIu0ZD+wc/qaTNmNoA96fik0ldeS0Z6kj9NahCWVKZAdndRvRx7occdKSTBjYlgg+abKPEhtpzhKytrHXAm76Q==",
          "requires": {
            "@material/animation": "0.4.1",
            "@material/base": "0.24.0",
            "@material/rtl": "0.1.8",
            "@material/theme": "0.24.0",
            "@material/typography": "0.3.0"
          }
        },
        "@material/switch": {
          "version": "0.24.0",
          "resolved": "https://registry.npmjs.org/@material/switch/-/switch-0.24.0.tgz",
          "integrity": "sha512-8TFJylmfSVHiYfR4dKjqPU9o1TmORH69bQjt156kCyA17dPIUh3fibjFeFHcaVoVFk2hUyCISxsxAVtVhP5fmw==",
          "requires": {
            "@material/animation": "0.4.1",
            "@material/elevation": "0.1.13",
            "@material/theme": "0.24.0"
          }
        },
        "@material/tabs": {
          "version": "0.24.0",
          "resolved": "https://registry.npmjs.org/@material/tabs/-/tabs-0.24.0.tgz",
          "integrity": "sha512-BHONDtIdPBNjlZZ6Xb3d+eB5+zsEiBueIu0kpACKBKmq3VdYXJdAKcSPBP5Igu+bG58KUUliJD5jXdLA2v3pAw==",
          "requires": {
            "@material/animation": "0.4.1",
            "@material/base": "0.24.0",
            "@material/ripple": "0.24.0",
            "@material/rtl": "0.1.8",
            "@material/theme": "0.24.0",
            "@material/typography": "0.3.0"
          }
        },
        "@material/textfield": {
          "version": "0.24.0",
          "resolved": "https://registry.npmjs.org/@material/textfield/-/textfield-0.24.0.tgz",
          "integrity": "sha512-DvSRPUG0Qz7GdtqzFpWAumVjyqAgojY1zw6rY1+L6c6liEzTqFR84MKIDbmMuVX+oWOSb3H8xMjrnXt54OXKuA==",
          "requires": {
            "@material/animation": "0.4.1",
            "@material/base": "0.24.0",
            "@material/ripple": "0.24.0",
            "@material/rtl": "0.1.8",
            "@material/theme": "0.24.0",
            "@material/typography": "0.3.0"
          }
        },
        "@material/theme": {
          "version": "0.24.0",
          "resolved": "https://registry.npmjs.org/@material/theme/-/theme-0.24.0.tgz",
          "integrity": "sha512-a5ZJrW1aQHMQeZVhO9KIyPkVOZe76khfsTcRwf5Aws8ZGAFdtQ2fZXdeREkWDti1ftFyVak1Da1Y3ka0HCwSFQ=="
        },
        "@material/toolbar": {
          "version": "0.24.0",
          "resolved": "https://registry.npmjs.org/@material/toolbar/-/toolbar-0.24.0.tgz",
          "integrity": "sha512-ctyWaBYByvy6rnzpDihlCzP0V3Agk5yeTGxZdGJwVHKd7BUpGEMvK50LxWLkXH4p8MOE3ICpRERSMQG1nOiidQ==",
          "requires": {
            "@material/base": "0.24.0",
            "@material/elevation": "0.1.13",
            "@material/rtl": "0.1.8",
            "@material/theme": "0.24.0",
            "@material/typography": "0.3.0"
          }
        },
        "@material/typography": {
          "version": "0.3.0",
          "resolved": "https://registry.npmjs.org/@material/typography/-/typography-0.3.0.tgz",
          "integrity": "sha1-+CjC0yFb/WbFgHJwm0JgxkElOQo="
        }
      }
    },
    "tabbable": {
      "version": "https://registry.npmjs.org/tabbable/-/tabbable-1.0.6.tgz",
      "integrity": "sha1-fCaofqb0ol7fXtthl0WgrnQHJPw="
    }
  }
}
